
Microsoft Visual Studio Solution File, Format Version 12.00
# Visual Studio Version 17
VisualStudioVersion = 17.9.34728.123
MinimumVisualStudioVersion = 10.0.40219.1
Project("{9A19103F-16F7-4668-BE54-9A1E7A4F7556}") = "MP3AppenderNinja", "MP3AppenderNinja.csproj", "{9210FFD6-004A-491F-8A74-E90361CC2998}"
EndProject
Global
	GlobalSection(SolutionConfigurationPlatforms) = preSolution
		Debug|Any CPU = Debug|Any CPU
		Release|Any CPU = Release|Any CPU
		Description = MP3 Joiner/Appender Ninja
	EndGlobalSection
	GlobalSection(ProjectConfigurationPlatforms) = postSolution
		{9210FFD6-004A-491F-8A74-E90361CC2998}.Debug|Any CPU.ActiveCfg = Debug|Any CPU
		{9210FFD6-004A-491F-8A74-E90361CC2998}.Debug|Any CPU.Build.0 = Debug|Any CPU
		{9210FFD6-004A-491F-8A74-E90361CC2998}.Release|Any CPU.ActiveCfg = Release|Any CPU
		{9210FFD6-004A-491F-8A74-E90361CC2998}.Release|Any CPU.Build.0 = Release|Any CPU
	EndGlobalSection
	GlobalSection(SolutionProperties) = preSolution
		HideSolutionNode = FALSE
	EndGlobalSection
	GlobalSection(ExtensibilityGlobals) = postSolution
		SolutionGuid = {1B01C98C-C527-461E-B7F5-90E7C28E732C}
	EndGlobalSection
EndGlobal
